
Microsoft Visual Studio Solution File, Format Version 12.00
# Visual Studio Version 17
VisualStudioVersion = 17.4.32916.344
MinimumVisualStudioVersion = 10.0.40219.1
Project("{9A19103F-16F7-4668-BE54-9A1E7A4F7556}") = "MDDBooster", "MDDBooster\MDDBooster.csproj", "{FA2E3F6B-93AD-4259-82C1-4DD0F6F06FED}"
EndProject
Project("{FAE04EC0-301F-11D3-BF4B-00C04F79EFBC}") = "MDDBooster.Core", "MDDBooster.Core\MDDBooster.Core.csproj", "{613D35D7-7A01-4BAD-9E2D-174D86F86741}"
EndProject
Project("{2150E333-8FDC-42A3-9474-1A3956D46DE8}") = "Solution Items", "Solution Items", "{F56F709E-C92F-4C69-901E-D736DC90E89A}"
	ProjectSection(SolutionItems) = preProject
		.editorconfig = .editorconfig
	EndProjectSection
EndProject
Global
	GlobalSection(SolutionConfigurationPlatforms) = preSolution
		Debug|Any CPU = Debug|Any CPU
		Release|Any CPU = Release|Any CPU
	EndGlobalSection
	GlobalSection(ProjectConfigurationPlatforms) = postSolution
		{FA2E3F6B-93AD-4259-82C1-4DD0F6F06FED}.Debug|Any CPU.ActiveCfg = Debug|Any CPU
		{FA2E3F6B-93AD-4259-82C1-4DD0F6F06FED}.Debug|Any CPU.Build.0 = Debug|Any CPU
		{FA2E3F6B-93AD-4259-82C1-4DD0F6F06FED}.Release|Any CPU.ActiveCfg = Release|Any CPU
		{FA2E3F6B-93AD-4259-82C1-4DD0F6F06FED}.Release|Any CPU.Build.0 = Release|Any CPU
		{613D35D7-7A01-4BAD-9E2D-174D86F86741}.Debug|Any CPU.ActiveCfg = Debug|Any CPU
		{613D35D7-7A01-4BAD-9E2D-174D86F86741}.Debug|Any CPU.Build.0 = Debug|Any CPU
		{613D35D7-7A01-4BAD-9E2D-174D86F86741}.Release|Any CPU.ActiveCfg = Release|Any CPU
		{613D35D7-7A01-4BAD-9E2D-174D86F86741}.Release|Any CPU.Build.0 = Release|Any CPU
	EndGlobalSection
	GlobalSection(SolutionProperties) = preSolution
		HideSolutionNode = FALSE
	EndGlobalSection
	GlobalSection(ExtensibilityGlobals) = postSolution
		SolutionGuid = {09EA7BBB-97C4-4B38-85F8-761813C713CD}
	EndGlobalSection
EndGlobal
